
Microsoft Visual Studio Solution File, Format Version 12.00
# Visual Studio Version 17
VisualStudioVersion = 17.4.33213.308
MinimumVisualStudioVersion = 10.0.40219.1
Project("{FAE04EC0-301F-11D3-BF4B-00C04F79EFBC}") = "Lab09AMM.Android", "Lab09AMM\Lab09AMM.Android\Lab09AMM.Android.csproj", "{8E5E4073-D341-4FE5-B6CB-534566E9E863}"
EndProject
Project("{FAE04EC0-301F-11D3-BF4B-00C04F79EFBC}") = "Lab09AMM.iOS", "Lab09AMM\Lab09AMM.iOS\Lab09AMM.iOS.csproj", "{810F3B73-2AFC-4743-9A6B-7CE5E387E534}"
EndProject
Project("{FAE04EC0-301F-11D3-BF4B-00C04F79EFBC}") = "Lab09AMM", "Lab09AMM\Lab09AMM\Lab09AMM.csproj", "{36A01077-85AE-4C81-A4DD-6A3EE812C0CE}"
EndProject
Global
	GlobalSection(SolutionConfigurationPlatforms) = preSolution
		Debug|Any CPU = Debug|Any CPU
		Debug|iPhone = Debug|iPhone
		Debug|iPhoneSimulator = Debug|iPhoneSimulator
		Release|Any CPU = Release|Any CPU
		Release|iPhone = Release|iPhone
		Release|iPhoneSimulator = Release|iPhoneSimulator
	EndGlobalSection
	GlobalSection(ProjectConfigurationPlatforms) = postSolution
		{8E5E4073-D341-4FE5-B6CB-534566E9E863}.Debug|Any CPU.ActiveCfg = Debug|Any CPU
		{8E5E4073-D341-4FE5-B6CB-534566E9E863}.Debug|Any CPU.Build.0 = Debug|Any CPU
		{8E5E4073-D341-4FE5-B6CB-534566E9E863}.Debug|Any CPU.Deploy.0 = Debug|Any CPU
		{8E5E4073-D341-4FE5-B6CB-534566E9E863}.Debug|iPhone.ActiveCfg = Debug|Any CPU
		{8E5E4073-D341-4FE5-B6CB-534566E9E863}.Debug|iPhone.Build.0 = Debug|Any CPU
		{8E5E4073-D341-4FE5-B6CB-534566E9E863}.Debug|iPhone.Deploy.0 = Debug|Any CPU
		{8E5E4073-D341-4FE5-B6CB-534566E9E863}.Debug|iPhoneSimulator.ActiveCfg = Debug|Any CPU
		{8E5E4073-D341-4FE5-B6CB-534566E9E863}.Debug|iPhoneSimulator.Build.0 = Debug|Any CPU
		{8E5E4073-D341-4FE5-B6CB-534566E9E863}.Debug|iPhoneSimulator.Deploy.0 = Debug|Any CPU
		{8E5E4073-D341-4FE5-B6CB-534566E9E863}.Release|Any CPU.ActiveCfg = Release|Any CPU
		{8E5E4073-D341-4FE5-B6CB-534566E9E863}.Release|Any CPU.Build.0 = Release|Any CPU
		{8E5E4073-D341-4FE5-B6CB-534566E9E863}.Release|Any CPU.Deploy.0 = Release|Any CPU
		{8E5E4073-D341-4FE5-B6CB-534566E9E863}.Release|iPhone.ActiveCfg = Release|Any CPU
		{8E5E4073-D341-4FE5-B6CB-534566E9E863}.Release|iPhone.Build.0 = Release|Any CPU
		{8E5E4073-D341-4FE5-B6CB-534566E9E863}.Release|iPhone.Deploy.0 = Release|Any CPU
		{8E5E4073-D341-4FE5-B6CB-534566E9E863}.Release|iPhoneSimulator.ActiveCfg = Release|Any CPU
		{8E5E4073-D341-4FE5-B6CB-534566E9E863}.Release|iPhoneSimulator.Build.0 = Release|Any CPU
		{8E5E4073-D341-4FE5-B6CB-534566E9E863}.Release|iPhoneSimulator.Deploy.0 = Release|Any CPU
		{810F3B73-2AFC-4743-9A6B-7CE5E387E534}.Debug|Any CPU.ActiveCfg = Debug|iPhone
		{810F3B73-2AFC-4743-9A6B-7CE5E387E534}.Debug|Any CPU.Build.0 = Debug|iPhone
		{810F3B73-2AFC-4743-9A6B-7CE5E387E534}.Debug|Any CPU.Deploy.0 = Debug|iPhone
		{810F3B73-2AFC-4743-9A6B-7CE5E387E534}.Debug|iPhone.ActiveCfg = Debug|iPhone
		{810F3B73-2AFC-4743-9A6B-7CE5E387E534}.Debug|iPhone.Build.0 = Debug|iPhone
		{810F3B73-2AFC-4743-9A6B-7CE5E387E534}.Debug|iPhone.Deploy.0 = Debug|iPhone
		{810F3B73-2AFC-4743-9A6B-7CE5E387E534}.Debug|iPhoneSimulator.ActiveCfg = Debug|iPhoneSimulator
		{810F3B73-2AFC-4743-9A6B-7CE5E387E534}.Debug|iPhoneSimulator.Build.0 = Debug|iPhoneSimulator
		{810F3B73-2AFC-4743-9A6B-7CE5E387E534}.Debug|iPhoneSimulator.Deploy.0 = Debug|iPhoneSimulator
		{810F3B73-2AFC-4743-9A6B-7CE5E387E534}.Release|Any CPU.ActiveCfg = Release|iPhoneSimulator
		{810F3B73-2AFC-4743-9A6B-7CE5E387E534}.Release|Any CPU.Build.0 = Release|iPhoneSimulator
		{810F3B73-2AFC-4743-9A6B-7CE5E387E534}.Release|Any CPU.Deploy.0 = Release|iPhoneSimulator
		{810F3B73-2AFC-4743-9A6B-7CE5E387E534}.Release|iPhone.ActiveCfg = Release|iPhone
		{810F3B73-2AFC-4743-9A6B-7CE5E387E534}.Release|iPhone.Build.0 = Release|iPhone
		{810F3B73-2AFC-4743-9A6B-7CE5E387E534}.Release|iPhone.Deploy.0 = Release|iPhone
		{810F3B73-2AFC-4743-9A6B-7CE5E387E534}.Release|iPhoneSimulator.ActiveCfg = Release|iPhoneSimulator
		{810F3B73-2AFC-4743-9A6B-7CE5E387E534}.Release|iPhoneSimulator.Build.0 = Release|iPhoneSimulator
		{810F3B73-2AFC-4743-9A6B-7CE5E387E534}.Release|iPhoneSimulator.Deploy.0 = Release|iPhoneSimulator
		{36A01077-85AE-4C81-A4DD-6A3EE812C0CE}.Debug|Any CPU.ActiveCfg = Debug|Any CPU
		{36A01077-85AE-4C81-A4DD-6A3EE812C0CE}.Debug|Any CPU.Build.0 = Debug|Any CPU
		{36A01077-85AE-4C81-A4DD-6A3EE812C0CE}.Debug|Any CPU.Deploy.0 = Debug|Any CPU
		{36A01077-85AE-4C81-A4DD-6A3EE812C0CE}.Debug|iPhone.ActiveCfg = Debug|Any CPU
		{36A01077-85AE-4C81-A4DD-6A3EE812C0CE}.Debug|iPhone.Build.0 = Debug|Any CPU
		{36A01077-85AE-4C81-A4DD-6A3EE812C0CE}.Debug|iPhone.Deploy.0 = Debug|Any CPU
		{36A01077-85AE-4C81-A4DD-6A3EE812C0CE}.Debug|iPhoneSimulator.ActiveCfg = Debug|Any CPU
		{36A01077-85AE-4C81-A4DD-6A3EE812C0CE}.Debug|iPhoneSimulator.Build.0 = Debug|Any CPU
		{36A01077-85AE-4C81-A4DD-6A3EE812C0CE}.Debug|iPhoneSimulator.Deploy.0 = Debug|Any CPU
		{36A01077-85AE-4C81-A4DD-6A3EE812C0CE}.Release|Any CPU.ActiveCfg = Release|Any CPU
		{36A01077-85AE-4C81-A4DD-6A3EE812C0CE}.Release|Any CPU.Build.0 = Release|Any CPU
		{36A01077-85AE-4C81-A4DD-6A3EE812C0CE}.Release|Any CPU.Deploy.0 = Release|Any CPU
		{36A01077-85AE-4C81-A4DD-6A3EE812C0CE}.Release|iPhone.ActiveCfg = Release|Any CPU
		{36A01077-85AE-4C81-A4DD-6A3EE812C0CE}.Release|iPhone.Build.0 = Release|Any CPU
		{36A01077-85AE-4C81-A4DD-6A3EE812C0CE}.Release|iPhone.Deploy.0 = Release|Any CPU
		{36A01077-85AE-4C81-A4DD-6A3EE812C0CE}.Release|iPhoneSimulator.ActiveCfg = Release|Any CPU
		{36A01077-85AE-4C81-A4DD-6A3EE812C0CE}.Release|iPhoneSimulator.Build.0 = Release|Any CPU
		{36A01077-85AE-4C81-A4DD-6A3EE812C0CE}.Release|iPhoneSimulator.Deploy.0 = Release|Any CPU
	EndGlobalSection
	GlobalSection(SolutionProperties) = preSolution
		HideSolutionNode = FALSE
	EndGlobalSection
	GlobalSection(ExtensibilityGlobals) = postSolution
		SolutionGuid = {64CC93BB-A6A5-4E4D-A9E8-7091C3128988}
	EndGlobalSection
EndGlobal
